
Microsoft Visual Studio Solution File, Format Version 12.00
# Visual Studio Version 16
VisualStudioVersion = 16.0.31624.102
MinimumVisualStudioVersion = 10.0.40219.1
Project("{FAE04EC0-301F-11D3-BF4B-00C04F79EFBC}") = "WebCad", "WebCad\WebCad.csproj", "{2938C16D-06EE-4702-905C-254E38B60BB5}"
EndProject
Global
	GlobalSection(SolutionConfigurationPlatforms) = preSolution
		Debug|Any CPU = Debug|Any CPU
		Release|Any CPU = Release|Any CPU
	EndGlobalSection
	GlobalSection(ProjectConfigurationPlatforms) = postSolution
		{2938C16D-06EE-4702-905C-254E38B60BB5}.Debug|Any CPU.ActiveCfg = Debug|Any CPU
		{2938C16D-06EE-4702-905C-254E38B60BB5}.Debug|Any CPU.Build.0 = Debug|Any CPU
		{2938C16D-06EE-4702-905C-254E38B60BB5}.Release|Any CPU.ActiveCfg = Release|Any CPU
		{2938C16D-06EE-4702-905C-254E38B60BB5}.Release|Any CPU.Build.0 = Release|Any CPU
	EndGlobalSection
	GlobalSection(SolutionProperties) = preSolution
		HideSolutionNode = FALSE
	EndGlobalSection
	GlobalSection(ExtensibilityGlobals) = postSolution
		SolutionGuid = {475FB6FB-25BC-427A-B13F-AB3A23C1298B}
	EndGlobalSection
EndGlobal
